
Microsoft Visual Studio Solution File, Format Version 12.00
# Visual Studio Version 16
VisualStudioVersion = 16.0.32901.82
MinimumVisualStudioVersion = 10.0.40219.1
Project("{FAE04EC0-301F-11D3-BF4B-00C04F79EFBC}") = "NMEA", "NMEA.csproj", "{5BF304AD-F38F-43CF-A81B-D28C14AABAF6}"
EndProject
Project("{FAE04EC0-301F-11D3-BF4B-00C04F79EFBC}") = "NMEA.Demo", "..\NMEA.Demo\NMEA.Demo.csproj", "{F25BBFAF-8095-42D6-ABE0-A6FA801DFFE3}"
EndProject
Global
	GlobalSection(SolutionConfigurationPlatforms) = preSolution
		Debug|Any CPU = Debug|Any CPU
		Release|Any CPU = Release|Any CPU
	EndGlobalSection
	GlobalSection(ProjectConfigurationPlatforms) = postSolution
		{5BF304AD-F38F-43CF-A81B-D28C14AABAF6}.Debug|Any CPU.ActiveCfg = Debug|Any CPU
		{5BF304AD-F38F-43CF-A81B-D28C14AABAF6}.Debug|Any CPU.Build.0 = Debug|Any CPU
		{5BF304AD-F38F-43CF-A81B-D28C14AABAF6}.Release|Any CPU.ActiveCfg = Release|Any CPU
		{5BF304AD-F38F-43CF-A81B-D28C14AABAF6}.Release|Any CPU.Build.0 = Release|Any CPU
		{F25BBFAF-8095-42D6-ABE0-A6FA801DFFE3}.Debug|Any CPU.ActiveCfg = Debug|Any CPU
		{F25BBFAF-8095-42D6-ABE0-A6FA801DFFE3}.Debug|Any CPU.Build.0 = Debug|Any CPU
		{F25BBFAF-8095-42D6-ABE0-A6FA801DFFE3}.Release|Any CPU.ActiveCfg = Release|Any CPU
		{F25BBFAF-8095-42D6-ABE0-A6FA801DFFE3}.Release|Any CPU.Build.0 = Release|Any CPU
	EndGlobalSection
	GlobalSection(SolutionProperties) = preSolution
		HideSolutionNode = FALSE
	EndGlobalSection
	GlobalSection(ExtensibilityGlobals) = postSolution
		SolutionGuid = {30B70028-935D-4648-8579-CCBA78D7A301}
	EndGlobalSection
EndGlobal
